// !$*UTF8*$!
{
	archiveVersion = 1;
	classes = {
	};
	objectVersion = 50;
	objects = {

/* Begin PBXBuildFile section */
		D512C9CE25C3215000FED0F1 /* AppDelegate.swift in Sources */ = {isa = PBXBuildFile; fileRef = D512C9CD25C3215000FED0F1 /* AppDelegate.swift */; };
		D512C9D025C3215000FED0F1 /* SceneDelegate.swift in Sources */ = {isa = PBXBuildFile; fileRef = D512C9CF25C3215000FED0F1 /* SceneDelegate.swift */; };
		D512C9D225C3215000FED0F1 /* ViewController.swift in Sources */ = {isa = PBXBuildFile; fileRef = D512C9D125C3215000FED0F1 /* ViewController.swift */; };
		D512C9D525C3215000FED0F1 /* Main.storyboard in Resources */ = {isa = PBXBuildFile; fileRef = D512C9D325C3215000FED0F1 /* Main.storyboard */; };
		D512C9D725C3215400FED0F1 /* Assets.xcassets in Resources */ = {isa = PBXBuildFile; fileRef = D512C9D625C3215400FED0F1 /* Assets.xcassets */; };
		D512C9DA25C3215400FED0F1 /* LaunchScreen.storyboard in Resources */ = {isa = PBXBuildFile; fileRef = D512C9D825C3215400FED0F1 /* LaunchScreen.storyboard */; };
		D512C9E525C3215500FED0F1 /* preworkTests.swift in Sources */ = {isa = PBXBuildFile; fileRef = D512C9E425C3215500FED0F1 /* preworkTests.swift */; };
		D512C9F025C3215500FED0F1 /* preworkUITests.swift in Sources */ = {isa = PBXBuildFile; fileRef = D512C9EF25C3215500FED0F1 /* preworkUITests.swift */; };
		D512CA0125C70BFD00FED0F1 /* SettingsViewController.swift in Sources */ = {isa = PBXBuildFile; fileRef = D512CA0025C70BFD00FED0F1 /* SettingsViewController.swift */; };
/* End PBXBuildFile section */

/* Begin PBXContainerItemProxy section */
		D512C9E125C3215500FED0F1 /* PBXContainerItemProxy */ = {
			isa = PBXContainerItemProxy;
			containerPortal = D512C9C225C3215000FED0F1 /* Project object */;
			proxyType = 1;
			remoteGlobalIDString = D512C9C925C3215000FED0F1;
			remoteInfo = prework;
		};
		D512C9EC25C3215500FED0F1 /* PBXContainerItemProxy */ = {
			isa = PBXContainerItemProxy;
			containerPortal = D512C9C225C3215000FED0F1 /* Project object */;
			proxyType = 1;
			remoteGlobalIDString = D512C9C925C3215000FED0F1;
			remoteInfo = prework;
		};
/* End PBXContainerItemProxy section */

/* Begin PBXFileReference section */
		D512C9CA25C3215000FED0F1 /* prework.app */ = {isa = PBXFileReference; explicitFileType = wrapper.application; includeInIndex = 0; path = prework.app; sourceTree = BUILT_PRODUCTS_DIR; };
		D512C9CD25C3215000FED0F1 /* AppDelegate.swift */ = {isa = PBXFileReference; lastKnownFileType = sourcecode.swift; path = AppDelegate.swift; sourceTree = "<group>"; };
		D512C9CF25C3215000FED0F1 /* SceneDelegate.swift */ = {isa = PBXFileReference; lastKnownFileType = sourcecode.swift; path = SceneDelegate.swift; sourceTree = "<group>"; };
		D512C9D125C3215000FED0F1 /* ViewController.swift */ = {isa = PBXFileReference; lastKnownFileType = sourcecode.swift; path = ViewController.swift; sourceTree = "<group>"; };
		D512C9D425C3215000FED0F1 /* Base */ = {isa = PBXFileReference; lastKnownFileType = file.storyboard; name = Base; path = Base.lproj/Main.storyboard; sourceTree = "<group>"; };
		D512C9D625C3215400FED0F1 /* Assets.xcassets */ = {isa = PBXFileReference; lastKnownFileType = folder.assetcatalog; path = Assets.xcassets; sourceTree = "<group>"; };
		D512C9D925C3215400FED0F1 /* Base */ = {isa = PBXFileReference; lastKnownFileType = file.storyboard; name = Base; path = Base.lproj/LaunchScreen.storyboard; sourceTree = "<group>"; };
		D512C9DB25C3215400FED0F1 /* Info.plist */ = {isa = PBXFileReference; lastKnownFileType = text.plist.xml; path = Info.plist; sourceTree = "<group>"; };
		D512C9E025C3215500FED0F1 /* preworkTests.xctest */ = {isa = PBXFileReference; explicitFileType = wrapper.cfbundle; includeInIndex = 0; path = preworkTests.xctest; sourceTree = BUILT_PRODUCTS_DIR; };
		D512C9E425C3215500FED0F1 /* preworkTests.swift */ = {isa = PBXFileReference; lastKnownFileType = sourcecode.swift; path = preworkTests.swift; sourceTree = "<group>"; };
		D512C9E625C3215500FED0F1 /* Info.plist */ = {isa = PBXFileReference; lastKnownFileType = text.plist.xml; path = Info.plist; sourceTree = "<group>"; };
		D512C9EB25C3215500FED0F1 /* preworkUITests.xctest */ = {isa = PBXFileReference; explicitFileType = wrapper.cfbundle; includeInIndex = 0; path = preworkUITests.xctest; sourceTree = BUILT_PRODUCTS_DIR; };
		D512C9EF25C3215500FED0F1 /* preworkUITests.swift */ = {isa = PBXFileReference; lastKnownFileType = sourcecode.swift; path = preworkUITests.swift; sourceTree = "<group>"; };
		D512C9F125C3215500FED0F1 /* Info.plist */ = {isa = PBXFileReference; lastKnownFileType = text.plist.xml; path = Info.plist; sourceTree = "<group>"; };
		D512CA0025C70BFD00FED0F1 /* SettingsViewController.swift */ = {isa = PBXFileReference; lastKnownFileType = sourcecode.swift; path = SettingsViewController.swift; sourceTree = "<group>"; };
/* End PBXFileReference section */

/* Begin PBXFrameworksBuildPhase section */
		D512C9C725C3215000FED0F1 /* Frameworks */ = {
			isa = PBXFrameworksBuildPhase;
			buildActionMask = 2147483647;
			files = (
			);
			runOnlyForDeploymentPostprocessing = 0;
		};
		D512C9DD25C3215500FED0F1 /* Frameworks */ = {
			isa = PBXFrameworksBuildPhase;
			buildActionMask = 2147483647;
			files = (
			);
			runOnlyForDeploymentPostprocessing = 0;
		};
		D512C9E825C3215500FED0F1 /* Frameworks */ = {
			isa = PBXFrameworksBuildPhase;
			buildActionMask = 2147483647;
			files = (
			);
			runOnlyForDeploymentPostprocessing = 0;
		};
/* End PBXFrameworksBuildPhase section */

/* Begin PBXGroup section */
		D512C9C125C3215000FED0F1 = {
			isa = PBXGroup;
			children = (
				D512C9CC25C3215000FED0F1 /* prework */,
				D512C9E325C3215500FED0F1 /* preworkTests */,
				D512C9EE25C3215500FED0F1 /* preworkUITests */,
				D512C9CB25C3215000FED0F1 /* Products */,
			);
			sourceTree = "<group>";
		};
		D512C9CB25C3215000FED0F1 /* Products */ = {
			isa = PBXGroup;
			children = (
				D512C9CA25C3215000FED0F1 /* prework.app */,
				D512C9E025C3215500FED0F1 /* preworkTests.xctest */,
				D512C9EB25C3215500FED0F1 /* preworkUITests.xctest */,
			);
			name = Products;
			sourceTree = "<group>";
		};
		D512C9CC25C3215000FED0F1 /* prework */ = {
			isa = PBXGroup;
			children = (
				D512C9CD25C3215000FED0F1 /* AppDelegate.swift */,
				D512C9CF25C3215000FED0F1 /* SceneDelegate.swift */,
				D512C9D125C3215000FED0F1 /* ViewController.swift */,
				D512C9D325C3215000FED0F1 /* Main.storyboard */,
				D512CA0025C70BFD00FED0F1 /* SettingsViewController.swift */,
				D512C9D625C3215400FED0F1 /* Assets.xcassets */,
				D512C9D825C3215400FED0F1 /* LaunchScreen.storyboard */,
				D512C9DB25C3215400FED0F1 /* Info.plist */,
			);
			path = prework;
			sourceTree = "<group>";
		};
		D512C9E325C3215500FED0F1 /* preworkTests */ = {
			isa = PBXGroup;
			children = (
				D512C9E425C3215500FED0F1 /* preworkTests.swift */,
				D512C9E625C3215500FED0F1 /* Info.plist */,
			);
			path = preworkTests;
			sourceTree = "<group>";
		};
		D512C9EE25C3215500FED0F1 /* preworkUITests */ = {
			isa = PBXGroup;
			children = (
				D512C9EF25C3215500FED0F1 /* preworkUITests.swift */,
				D512C9F125C3215500FED0F1 /* Info.plist */,
			);
			path = preworkUITests;
			sourceTree = "<group>";
		};
/* End PBXGroup section */

/* Begin PBXNativeTarget section */
		D512C9C925C3215000FED0F1 /* prework */ = {
			isa = PBXNativeTarget;
			buildConfigurationList = D512C9F425C3215500FED0F1 /* Build configuration list for PBXNativeTarget "prework" */;
			buildPhases = (
				D512C9C625C3215000FED0F1 /* Sources */,
				D512C9C725C3215000FED0F1 /* Frameworks */,
				D512C9C825C3215000FED0F1 /* Resources */,
			);
			buildRules = (
			);
			dependencies = (
			);
			name = prework;
			productName = prework;
			productReference = D512C9CA25C3215000FED0F1 /* prework.app */;
			productType = "com.apple.product-type.application";
		};
		D512C9DF25C3215500FED0F1 /* preworkTests */ = {
			isa = PBXNativeTarget;
			buildConfigurationList = D512C9F725C3215500FED0F1 /* Build configuration list for PBXNativeTarget "preworkTests" */;
			buildPhases = (
				D512C9DC25C3215500FED0F1 /* Sources */,
				D512C9DD25C3215500FED0F1 /* Frameworks */,
				D512C9DE25C3215500FED0F1 /* Resources */,
			);
			buildRules = (
			);
			dependencies = (
				D512C9E225C3215500FED0F1 /* PBXTargetDependency */,
			);
			name = preworkTests;
			productName = preworkTests;
			productReference = D512C9E025C3215500FED0F1 /* preworkTests.xctest */;
			productType = "com.apple.product-type.bundle.unit-test";
		};
		D512C9EA25C3215500FED0F1 /* preworkUITests */ = {
			isa = PBXNativeTarget;
			buildConfigurationList = D512C9FA25C3215500FED0F1 /* Build configuration list for PBXNativeTarget "preworkUITests" */;
			buildPhases = (
				D512C9E725C3215500FED0F1 /* Sources */,
				D512C9E825C3215500FED0F1 /* Frameworks */,
				D512C9E925C3215500FED0F1 /* Resources */,
			);
			buildRules = (
			);
			dependencies = (
				D512C9ED25C3215500FED0F1 /* PBXTargetDependency */,
			);
			name = preworkUITests;
			productName = preworkUITests;
			productReference = D512C9EB25C3215500FED0F1 /* preworkUITests.xctest */;
			productType = "com.apple.product-type.bundle.ui-testing";
		};
/* End PBXNativeTarget section */

/* Begin PBXProject section */
		D512C9C225C3215000FED0F1 /* Project object */ = {
			isa = PBXProject;
			attributes = {
				LastSwiftUpdateCheck = 1240;
				LastUpgradeCheck = 1240;
				TargetAttributes = {
					D512C9C925C3215000FED0F1 = {
						CreatedOnToolsVersion = 12.4;
					};
					D512C9DF25C3215500FED0F1 = {
						CreatedOnToolsVersion = 12.4;
						TestTargetID = D512C9C925C3215000FED0F1;
					};
					D512C9EA25C3215500FED0F1 = {
						CreatedOnToolsVersion = 12.4;
						TestTargetID = D512C9C925C3215000FED0F1;
					};
				};
			};
			buildConfigurationList = D512C9C525C3215000FED0F1 /* Build configuration list for PBXProject "prework" */;
			compatibilityVersion = "Xcode 9.3";
			developmentRegion = en;
			hasScannedForEncodings = 0;
			knownRegions = (
				en,
				Base,
			);
			mainGroup = D512C9C125C3215000FED0F1;
			productRefGroup = D512C9CB25C3215000FED0F1 /* Products */;
			projectDirPath = "";
			projectRoot = "";
			targets = (
				D512C9C925C3215000FED0F1 /* prework */,
				D512C9DF25C3215500FED0F1 /* preworkTests */,
				D512C9EA25C3215500FED0F1 /* preworkUITests */,
			);
		};
/* End PBXProject section */

/* Begin PBXResourcesBuildPhase section */
		D512C9C825C3215000FED0F1 /* Resources */ = {
			isa = PBXResourcesBuildPhase;
			buildActionMask = 2147483647;
			files = (
				D512C9DA25C3215400FED0F1 /* LaunchScreen.storyboard in Resources */,
				D512C9D725C3215400FED0F1 /* Assets.xcassets in Resources */,
				D512C9D525C3215000FED0F1 /* Main.storyboard in Resources */,
			);
			runOnlyForDeploymentPostprocessing = 0;
		};
		D512C9DE25C3215500FED0F1 /* Resources */ = {
			isa = PBXResourcesBuildPhase;
			buildActionMask = 2147483647;
			files = (
			);
			runOnlyForDeploymentPostprocessing = 0;
		};
		D512C9E925C3215500FED0F1 /* Resources */ = {
			isa = PBXResourcesBuildPhase;
			buildActionMask = 2147483647;
			files = (
			);
			runOnlyForDeploymentPostprocessing = 0;
		};
/* End PBXResourcesBuildPhase section */

/* Begin PBXSourcesBuildPhase section */
		D512C9C625C3215000FED0F1 /* Sources */ = {
			isa = PBXSourcesBuildPhase;
			buildActionMask = 2147483647;
			files = (
				D512C9D225C3215000FED0F1 /* ViewController.swift in Sources */,
				D512C9CE25C3215000FED0F1 /* AppDelegate.swift in Sources */,
				D512C9D025C3215000FED0F1 /* SceneDelegate.swift in Sources */,
				D512CA0125C70BFD00FED0F1 /* SettingsViewController.swift in Sources */,
			);
			runOnlyForDeploymentPostprocessing = 0;
		};
		D512C9DC25C3215500FED0F1 /* Sources */ = {
			isa = PBXSourcesBuildPhase;
			buildActionMask = 2147483647;
			files = (
				D512C9E525C3215500FED0F1 /* preworkTests.swift in Sources */,
			);
			runOnlyForDeploymentPostprocessing = 0;
		};
		D512C9E725C3215500FED0F1 /* Sources */ = {
			isa = PBXSourcesBuildPhase;
			buildActionMask = 2147483647;
			files = (
				D512C9F025C3215500FED0F1 /* preworkUITests.swift in Sources */,
			);
			runOnlyForDeploymentPostprocessing = 0;
		};
/* End PBXSourcesBuildPhase section */

/* Begin PBXTargetDependency section */
		D512C9E225C3215500FED0F1 /* PBXTargetDependency */ = {
			isa = PBXTargetDependency;
			target = D512C9C925C3215000FED0F1 /* prework */;
			targetProxy = D512C9E125C3215500FED0F1 /* PBXContainerItemProxy */;
		};
		D512C9ED25C3215500FED0F1 /* PBXTargetDependency */ = {
			isa = PBXTargetDependency;
			target = D512C9C925C3215000FED0F1 /* prework */;
			targetProxy = D512C9EC25C3215500FED0F1 /* PBXContainerItemProxy */;
		};
/* End PBXTargetDependency section */

/* Begin PBXVariantGroup section */
		D512C9D325C3215000FED0F1 /* Main.storyboard */ = {
			isa = PBXVariantGroup;
			children = (
				D512C9D425C3215000FED0F1 /* Base */,
			);
			name = Main.storyboard;
			sourceTree = "<group>";
		};
		D512C9D825C3215400FED0F1 /* LaunchScreen.storyboard */ = {
			isa = PBXVariantGroup;
			children = (
				D512C9D925C3215400FED0F1 /* Base */,
			);
			name = LaunchScreen.storyboard;
			sourceTree = "<group>";
		};
/* End PBXVariantGroup section */

/* Begin XCBuildConfiguration section */
		D512C9F225C3215500FED0F1 /* Debug */ = {
			isa = XCBuildConfiguration;
			buildSettings = {
				ALWAYS_SEARCH_USER_PATHS = NO;
				CLANG_ANALYZER_NONNULL = YES;
				CLANG_ANALYZER_NUMBER_OBJECT_CONVERSION = YES_AGGRESSIVE;
				CLANG_CXX_LANGUAGE_STANDARD = "gnu++14";
				CLANG_CXX_LIBRARY = "libc++";
				CLANG_ENABLE_MODULES = YES;
				CLANG_ENABLE_OBJC_ARC = YES;
				CLANG_ENABLE_OBJC_WEAK = YES;
				CLANG_WARN_BLOCK_CAPTURE_AUTORELEASING = YES;
				CLANG_WARN_BOOL_CONVERSION = YES;
				CLANG_WARN_COMMA = YES;
				CLANG_WARN_CONSTANT_CONVERSION = YES;
				CLANG_WARN_DEPRECATED_OBJC_IMPLEMENTATIONS = YES;
				CLANG_WARN_DIRECT_OBJC_ISA_USAGE = YES_ERROR;
				CLANG_WARN_DOCUMENTATION_COMMENTS = YES;
				CLANG_WARN_EMPTY_BODY = YES;
				CLANG_WARN_ENUM_CONVERSION = YES;
				CLANG_WARN_INFINITE_RECURSION = YES;
				CLANG_WARN_INT_CONVERSION = YES;
				CLANG_WARN_NON_LITERAL_NULL_CONVERSION = YES;
				CLANG_WARN_OBJC_IMPLICIT_RETAIN_SELF = YES;
				CLANG_WARN_OBJC_LITERAL_CONVERSION = YES;
				CLANG_WARN_OBJC_ROOT_CLASS = YES_ERROR;
				CLANG_WARN_QUOTED_INCLUDE_IN_FRAMEWORK_HEADER = YES;
				CLANG_WARN_RANGE_LOOP_ANALYSIS = YES;
				CLANG_WARN_STRICT_PROTOTYPES = YES;
				CLANG_WARN_SUSPICIOUS_MOVE = YES;
				CLANG_WARN_UNGUARDED_AVAILABILITY = YES_AGGRESSIVE;
				CLANG_WARN_UNREACHABLE_CODE = YES;
				CLANG_WARN__DUPLICATE_METHOD_MATCH = YES;
				COPY_PHASE_STRIP = NO;
				DEBUG_INFORMATION_FORMAT = dwarf;
				ENABLE_STRICT_OBJC_MSGSEND = YES;
				ENABLE_TESTABILITY = YES;
				GCC_C_LANGUAGE_STANDARD = gnu11;
				GCC_DYNAMIC_NO_PIC = NO;
				GCC_NO_COMMON_BLOCKS = YES;
				GCC_OPTIMIZATION_LEVEL = 0;
				GCC_PREPROCESSOR_DEFINITIONS = (
					"DEBUG=1",
					"$(inherited)",
				);
				GCC_WARN_64_TO_32_BIT_CONVERSION = YES;
				GCC_WARN_ABOUT_RETURN_TYPE = YES_ERROR;
				GCC_WARN_UNDECLARED_SELECTOR = YES;
				GCC_WARN_UNINITIALIZED_AUTOS = YES_AGGRESSIVE;
				GCC_WARN_UNUSED_FUNCTION = YES;
				GCC_WARN_UNUSED_VARIABLE = YES;
				IPHONEOS_DEPLOYMENT_TARGET = 14.4;
				MTL_ENABLE_DEBUG_INFO = INCLUDE_SOURCE;
				MTL_FAST_MATH = YES;
				ONLY_ACTIVE_ARCH = YES;
				SDKROOT = iphoneos;
				SWIFT_ACTIVE_COMPILATION_CONDITIONS = DEBUG;
				SWIFT_OPTIMIZATION_LEVEL = "-Onone";
			};
			name = Debug;
		};
		D512C9F325C3215500FED0F1 /* Release */ = {
			isa = XCBuildConfiguration;
			buildSettings = {
				ALWAYS_SEARCH_USER_PATHS = NO;
				CLANG_ANALYZER_NONNULL = YES;
				CLANG_ANALYZER_NUMBER_OBJECT_CONVERSION = YES_AGGRESSIVE;
				CLANG_CXX_LANGUAGE_STANDARD = "gnu++14";
				CLANG_CXX_LIBRARY = "libc++";
				CLANG_ENABLE_MODULES = YES;
				CLANG_ENABLE_OBJC_ARC = YES;
				CLANG_ENABLE_OBJC_WEAK = YES;
				CLANG_WARN_BLOCK_CAPTURE_AUTORELEASING = YES;
				CLANG_WARN_BOOL_CONVERSION = YES;
				CLANG_WARN_COMMA = YES;
				CLANG_WARN_CONSTANT_CONVERSION = YES;
				CLANG_WARN_DEPRECATED_OBJC_IMPLEMENTATIONS = YES;
				CLANG_WARN_DIRECT_OBJC_ISA_USAGE = YES_ERROR;
				CLANG_WARN_DOCUMENTATION_COMMENTS = YES;
				CLANG_WARN_EMPTY_BODY = YES;
				CLANG_WARN_ENUM_CONVERSION = YES;
				CLANG_WARN_INFINITE_RECURSION = YES;
				CLANG_WARN_INT_CONVERSION = YES;
				CLANG_WARN_NON_LITERAL_NULL_CONVERSION = YES;
				CLANG_WARN_OBJC_IMPLICIT_RETAIN_SELF = YES;
				CLANG_WARN_OBJC_LITERAL_CONVERSION = YES;
				CLANG_WARN_OBJC_ROOT_CLASS = YES_ERROR;
				CLANG_WARN_QUOTED_INCLUDE_IN_FRAMEWORK_HEADER = YES;
				CLANG_WARN_RANGE_LOOP_ANALYSIS = YES;
				CLANG_WARN_STRICT_PROTOTYPES = YES;
				CLANG_WARN_SUSPICIOUS_MOVE = YES;
				CLANG_WARN_UNGUARDED_AVAILABILITY = YES_AGGRESSIVE;
				CLANG_WARN_UNREACHABLE_CODE = YES;
				CLANG_WARN__DUPLICATE_METHOD_MATCH = YES;
				COPY_PHASE_STRIP = NO;
				DEBUG_INFORMATION_FORMAT = "dwarf-with-dsym";
				ENABLE_NS_ASSERTIONS = NO;
				ENABLE_STRICT_OBJC_MSGSEND = YES;
				GCC_C_LANGUAGE_STANDARD = gnu11;
				GCC_NO_COMMON_BLOCKS = YES;
				GCC_WARN_64_TO_32_BIT_CONVERSION = YES;
				GCC_WARN_ABOUT_RETURN_TYPE = YES_ERROR;
				GCC_WARN_UNDECLARED_SELECTOR = YES;
				GCC_WARN_UNINITIALIZED_AUTOS = YES_AGGRESSIVE;
				GCC_WARN_UNUSED_FUNCTION = YES;
				GCC_WARN_UNUSED_VARIABLE = YES;
				IPHONEOS_DEPLOYMENT_TARGET = 14.4;
				MTL_ENABLE_DEBUG_INFO = NO;
				MTL_FAST_MATH = YES;
				SDKROOT = iphoneos;
				SWIFT_COMPILATION_MODE = wholemodule;
				SWIFT_OPTIMIZATION_LEVEL = "-O";
				VALIDATE_PRODUCT = YES;
			};
			name = Release;
		};
		D512C9F525C3215500FED0F1 /* Debug */ = {
			isa = XCBuildConfiguration;
			buildSettings = {
				ASSETCATALOG_COMPILER_APPICON_NAME = AppIcon;
				ASSETCATALOG_COMPILER_GLOBAL_ACCENT_COLOR_NAME = AccentColor;
				CODE_SIGN_STYLE = Automatic;
				INFOPLIST_FILE = prework/Info.plist;
				LD_RUNPATH_SEARCH_PATHS = (
					"$(inherited)",
					"@executable_path/Frameworks",
				);
				PRODUCT_BUNDLE_IDENTIFIER = memo.com.prework;
				PRODUCT_NAME = "$(TARGET_NAME)";
				SWIFT_VERSION = 5.0;
				TARGETED_DEVICE_FAMILY = "1,2";
			};
			name = Debug;
		};
		D512C9F625C3215500FED0F1 /* Release */ = {
			isa = XCBuildConfiguration;
			buildSettings = {
				ASSETCATALOG_COMPILER_APPICON_NAME = AppIcon;
				ASSETCATALOG_COMPILER_GLOBAL_ACCENT_COLOR_NAME = AccentColor;
				CODE_SIGN_STYLE = Automatic;
				INFOPLIST_FILE = prework/Info.plist;
				LD_RUNPATH_SEARCH_PATHS = (
					"$(inherited)",
					"@executable_path/Frameworks",
				);
				PRODUCT_BUNDLE_IDENTIFIER = memo.com.prework;
				PRODUCT_NAME = "$(TARGET_NAME)";
				SWIFT_VERSION = 5.0;
				TARGETED_DEVICE_FAMILY = "1,2";
			};
			name = Release;
		};
		D512C9F825C3215500FED0F1 /* Debug */ = {
			isa = XCBuildConfiguration;
			buildSettings = {
				ALWAYS_EMBED_SWIFT_STANDARD_LIBRARIES = YES;
				BUNDLE_LOADER = "$(TEST_HOST)";
				CODE_SIGN_STYLE = Automatic;
				INFOPLIST_FILE = preworkTests/Info.plist;
				IPHONEOS_DEPLOYMENT_TARGET = 14.4;
				LD_RUNPATH_SEARCH_PATHS = (
					"$(inherited)",
					"@executable_path/Frameworks",
					"@loader_path/Frameworks",
				);
				PRODUCT_BUNDLE_IDENTIFIER = memo.com.preworkTests;
				PRODUCT_NAME = "$(TARGET_NAME)";
				SWIFT_VERSION = 5.0;
				TARGETED_DEVICE_FAMILY = "1,2";
				TEST_HOST = "$(BUILT_PRODUCTS_DIR)/prework.app/prework";
			};
			name = Debug;
		};
		D512C9F925C3215500FED0F1 /* Release */ = {
			isa = XCBuildConfiguration;
			buildSettings = {
				ALWAYS_EMBED_SWIFT_STANDARD_LIBRARIES = YES;
				BUNDLE_LOADER = "$(TEST_HOST)";
				CODE_SIGN_STYLE = Automatic;
				INFOPLIST_FILE = preworkTests/Info.plist;
				IPHONEOS_DEPLOYMENT_TARGET = 14.4;
				LD_RUNPATH_SEARCH_PATHS = (
					"$(inherited)",
					"@executable_path/Frameworks",
					"@loader_path/Frameworks",
				);
				PRODUCT_BUNDLE_IDENTIFIER = memo.com.preworkTests;
				PRODUCT_NAME = "$(TARGET_NAME)";
				SWIFT_VERSION = 5.0;
				TARGETED_DEVICE_FAMILY = "1,2";
				TEST_HOST = "$(BUILT_PRODUCTS_DIR)/prework.app/prework";
			};
			name = Release;
		};
		D512C9FB25C3215500FED0F1 /* Debug */ = {
			isa = XCBuildConfiguration;
			buildSettings = {
				ALWAYS_EMBED_SWIFT_STANDARD_LIBRARIES = YES;
				CODE_SIGN_STYLE = Automatic;
				INFOPLIST_FILE = preworkUITests/Info.plist;
				LD_RUNPATH_SEARCH_PATHS = (
					"$(inherited)",
					"@executable_path/Frameworks",
					"@loader_path/Frameworks",
				);
				PRODUCT_BUNDLE_IDENTIFIER = memo.com.preworkUITests;
				PRODUCT_NAME = "$(TARGET_NAME)";
				SWIFT_VERSION = 5.0;
				TARGETED_DEVICE_FAMILY = "1,2";
				TEST_TARGET_NAME = prework;
			};
			name = Debug;
		};
		D512C9FC25C3215500FED0F1 /* Release */ = {
			isa = XCBuildConfiguration;
			buildSettings = {
				ALWAYS_EMBED_SWIFT_STANDARD_LIBRARIES = YES;
				CODE_SIGN_STYLE = Automatic;
				INFOPLIST_FILE = preworkUITests/Info.plist;
				LD_RUNPATH_SEARCH_PATHS = (
					"$(inherited)",
					"@executable_path/Frameworks",
					"@loader_path/Frameworks",
				);
				PRODUCT_BUNDLE_IDENTIFIER = memo.com.preworkUITests;
				PRODUCT_NAME = "$(TARGET_NAME)";
				SWIFT_VERSION = 5.0;
				TARGETED_DEVICE_FAMILY = "1,2";
				TEST_TARGET_NAME = prework;
			};
			name = Release;
		};
/* End XCBuildConfiguration section */

/* Begin XCConfigurationList section */
		D512C9C525C3215000FED0F1 /* Build configuration list for PBXProject "prework" */ = {
			isa = XCConfigurationList;
			buildConfigurations = (
				D512C9F225C3215500FED0F1 /* Debug */,
				D512C9F325C3215500FED0F1 /* Release */,
			);
			defaultConfigurationIsVisible = 0;
			defaultConfigurationName = Release;
		};
		D512C9F425C3215500FED0F1 /* Build configuration list for PBXNativeTarget "prework" */ = {
			isa = XCConfigurationList;
			buildConfigurations = (
				D512C9F525C3215500FED0F1 /* Debug */,
				D512C9F625C3215500FED0F1 /* Release */,
			);
			defaultConfigurationIsVisible = 0;
			defaultConfigurationName = Release;
		};
		D512C9F725C3215500FED0F1 /* Build configuration list for PBXNativeTarget "preworkTests" */ = {
			isa = XCConfigurationList;
			buildConfigurations = (
				D512C9F825C3215500FED0F1 /* Debug */,
				D512C9F925C3215500FED0F1 /* Release */,
			);
			defaultConfigurationIsVisible = 0;
			defaultConfigurationName = Release;
		};
		D512C9FA25C3215500FED0F1 /* Build configuration list for PBXNativeTarget "preworkUITests" */ = {
			isa = XCConfigurationList;
			buildConfigurations = (
				D512C9FB25C3215500FED0F1 /* Debug */,
				D512C9FC25C3215500FED0F1 /* Release */,
			);
			defaultConfigurationIsVisible = 0;
			defaultConfigurationName = Release;
		};
/* End XCConfigurationList section */
	};
	rootObject = D512C9C225C3215000FED0F1 /* Project object */;
}
